// !$*UTF8*$!
{
	archiveVersion = 1;
	classes = {
	};
	objectVersion = 50;
	objects = {

/* Begin PBXBuildFile section */
		4561C515007FB7644E97A333 /* Pods_BighiTrip.framework in Frameworks */ = {isa = PBXBuildFile; fileRef = E06A3FC0E90A30304881AFA2 /* Pods_BighiTrip.framework */; };
		961098E32167305300264BE6 /* CadastroViewController.swift in Sources */ = {isa = PBXBuildFile; fileRef = 961098E22167305300264BE6 /* CadastroViewController.swift */; };
		961098E52167312300264BE6 /* AppDelegate.swift in Sources */ = {isa = PBXBuildFile; fileRef = 961098E42167312300264BE6 /* AppDelegate.swift */; };
		962117F1216EEBB70024C70F /* PerfilViewController.swift in Sources */ = {isa = PBXBuildFile; fileRef = 962117F0216EEBB70024C70F /* PerfilViewController.swift */; };
		962117F3216F01A70024C70F /* TabBarViewController.swift in Sources */ = {isa = PBXBuildFile; fileRef = 962117F2216F01A70024C70F /* TabBarViewController.swift */; };
		9647450221670F1D00512FFC /* MainViewController.swift in Sources */ = {isa = PBXBuildFile; fileRef = 9647450121670F1D00512FFC /* MainViewController.swift */; };
		9647450521670F1D00512FFC /* Main.storyboard in Resources */ = {isa = PBXBuildFile; fileRef = 9647450321670F1D00512FFC /* Main.storyboard */; };
		9647450821670F1D00512FFC /* BighiTrip.xcdatamodeld in Sources */ = {isa = PBXBuildFile; fileRef = 9647450621670F1D00512FFC /* BighiTrip.xcdatamodeld */; };
		9647450A21670F1F00512FFC /* Assets.xcassets in Resources */ = {isa = PBXBuildFile; fileRef = 9647450921670F1F00512FFC /* Assets.xcassets */; };
		9647450D21670F1F00512FFC /* LaunchScreen.storyboard in Resources */ = {isa = PBXBuildFile; fileRef = 9647450B21670F1F00512FFC /* LaunchScreen.storyboard */; };
		96A6AF57216DC9770083D5F4 /* GoogleService-Info.plist in Resources */ = {isa = PBXBuildFile; fileRef = 96A6AF56216DC9770083D5F4 /* GoogleService-Info.plist */; };
		96F66C0D216EDD6000D86E3F /* HomeViewController.swift in Sources */ = {isa = PBXBuildFile; fileRef = 96F66C0C216EDD6000D86E3F /* HomeViewController.swift */; };
/* End PBXBuildFile section */

/* Begin PBXFileReference section */
		1A8C654DA47C6861F5F705B7 /* Pods-BighiTrip.release.xcconfig */ = {isa = PBXFileReference; includeInIndex = 1; lastKnownFileType = text.xcconfig; name = "Pods-BighiTrip.release.xcconfig"; path = "Pods/Target Support Files/Pods-BighiTrip/Pods-BighiTrip.release.xcconfig"; sourceTree = "<group>"; };
		8BE3AF61391DED5817CA4E6A /* Pods-BighiTrip.debug.xcconfig */ = {isa = PBXFileReference; includeInIndex = 1; lastKnownFileType = text.xcconfig; name = "Pods-BighiTrip.debug.xcconfig"; path = "Pods/Target Support Files/Pods-BighiTrip/Pods-BighiTrip.debug.xcconfig"; sourceTree = "<group>"; };
		961098E22167305300264BE6 /* CadastroViewController.swift */ = {isa = PBXFileReference; fileEncoding = 4; lastKnownFileType = sourcecode.swift; path = CadastroViewController.swift; sourceTree = "<group>"; };
		961098E42167312300264BE6 /* AppDelegate.swift */ = {isa = PBXFileReference; lastKnownFileType = sourcecode.swift; name = AppDelegate.swift; path = /Users/lucasbighi/Documents/XCode/BighiTrip/BighiTrip/Entidades/AppDelegate.swift; sourceTree = "<absolute>"; };
		962117F0216EEBB70024C70F /* PerfilViewController.swift */ = {isa = PBXFileReference; lastKnownFileType = sourcecode.swift; path = PerfilViewController.swift; sourceTree = "<group>"; };
		962117F2216F01A70024C70F /* TabBarViewController.swift */ = {isa = PBXFileReference; lastKnownFileType = sourcecode.swift; path = TabBarViewController.swift; sourceTree = "<group>"; };
		964744FC21670F1D00512FFC /* BighiTrip.app */ = {isa = PBXFileReference; explicitFileType = wrapper.application; includeInIndex = 0; path = BighiTrip.app; sourceTree = BUILT_PRODUCTS_DIR; };
		9647450121670F1D00512FFC /* MainViewController.swift */ = {isa = PBXFileReference; lastKnownFileType = sourcecode.swift; path = MainViewController.swift; sourceTree = "<group>"; };
		9647450421670F1D00512FFC /* Base */ = {isa = PBXFileReference; lastKnownFileType = file.storyboard; name = Base; path = Base.lproj/Main.storyboard; sourceTree = "<group>"; };
		9647450721670F1D00512FFC /* BighiTrip.xcdatamodel */ = {isa = PBXFileReference; lastKnownFileType = wrapper.xcdatamodel; path = BighiTrip.xcdatamodel; sourceTree = "<group>"; };
		9647450921670F1F00512FFC /* Assets.xcassets */ = {isa = PBXFileReference; lastKnownFileType = folder.assetcatalog; path = Assets.xcassets; sourceTree = "<group>"; };
		9647450C21670F1F00512FFC /* Base */ = {isa = PBXFileReference; lastKnownFileType = file.storyboard; name = Base; path = Base.lproj/LaunchScreen.storyboard; sourceTree = "<group>"; };
		9647450E21670F1F00512FFC /* Info.plist */ = {isa = PBXFileReference; lastKnownFileType = text.plist.xml; path = Info.plist; sourceTree = "<group>"; };
		96A6AF56216DC9770083D5F4 /* GoogleService-Info.plist */ = {isa = PBXFileReference; fileEncoding = 4; lastKnownFileType = text.plist.xml; name = "GoogleService-Info.plist"; path = "../../../../Downloads/GoogleService-Info.plist"; sourceTree = "<group>"; };
		96F66C0C216EDD6000D86E3F /* HomeViewController.swift */ = {isa = PBXFileReference; lastKnownFileType = sourcecode.swift; path = HomeViewController.swift; sourceTree = "<group>"; };
		E06A3FC0E90A30304881AFA2 /* Pods_BighiTrip.framework */ = {isa = PBXFileReference; explicitFileType = wrapper.framework; includeInIndex = 0; path = Pods_BighiTrip.framework; sourceTree = BUILT_PRODUCTS_DIR; };
/* End PBXFileReference section */

/* Begin PBXFrameworksBuildPhase section */
		964744F921670F1D00512FFC /* Frameworks */ = {
			isa = PBXFrameworksBuildPhase;
			buildActionMask = 2147483647;
			files = (
				4561C515007FB7644E97A333 /* Pods_BighiTrip.framework in Frameworks */,
			);
			runOnlyForDeploymentPostprocessing = 0;
		};
/* End PBXFrameworksBuildPhase section */

/* Begin PBXGroup section */
		9505008D2E5938D34BEC8269 /* Pods */ = {
			isa = PBXGroup;
			children = (
				8BE3AF61391DED5817CA4E6A /* Pods-BighiTrip.debug.xcconfig */,
				1A8C654DA47C6861F5F705B7 /* Pods-BighiTrip.release.xcconfig */,
			);
			name = Pods;
			sourceTree = "<group>";
		};
		964744F321670F1D00512FFC = {
			isa = PBXGroup;
			children = (
				964744FE21670F1D00512FFC /* BighiTrip */,
				964744FD21670F1D00512FFC /* Products */,
				9505008D2E5938D34BEC8269 /* Pods */,
				A26379A30B60915D3A856670 /* Frameworks */,
			);
			sourceTree = "<group>";
		};
		964744FD21670F1D00512FFC /* Products */ = {
			isa = PBXGroup;
			children = (
				964744FC21670F1D00512FFC /* BighiTrip.app */,
			);
			name = Products;
			sourceTree = "<group>";
		};
		964744FE21670F1D00512FFC /* BighiTrip */ = {
			isa = PBXGroup;
			children = (
				9647451C2167152000512FFC /* Entidades */,
				961098E22167305300264BE6 /* CadastroViewController.swift */,
				961098E42167312300264BE6 /* AppDelegate.swift */,
				9647450121670F1D00512FFC /* MainViewController.swift */,
				9647450321670F1D00512FFC /* Main.storyboard */,
				962117F2216F01A70024C70F /* TabBarViewController.swift */,
				962117F0216EEBB70024C70F /* PerfilViewController.swift */,
				96F66C0C216EDD6000D86E3F /* HomeViewController.swift */,
				9647450921670F1F00512FFC /* Assets.xcassets */,
				9647450B21670F1F00512FFC /* LaunchScreen.storyboard */,
				9647450E21670F1F00512FFC /* Info.plist */,
				9647450621670F1D00512FFC /* BighiTrip.xcdatamodeld */,
				96A6AF56216DC9770083D5F4 /* GoogleService-Info.plist */,
			);
			path = BighiTrip;
			sourceTree = "<group>";
		};
		9647451C2167152000512FFC /* Entidades */ = {
			isa = PBXGroup;
			children = (
			);
			path = Entidades;
			sourceTree = "<group>";
		};
		A26379A30B60915D3A856670 /* Frameworks */ = {
			isa = PBXGroup;
			children = (
				E06A3FC0E90A30304881AFA2 /* Pods_BighiTrip.framework */,
			);
			name = Frameworks;
			sourceTree = "<group>";
		};
/* End PBXGroup section */

/* Begin PBXNativeTarget section */
		964744FB21670F1D00512FFC /* BighiTrip */ = {
			isa = PBXNativeTarget;
			buildConfigurationList = 9647451121670F1F00512FFC /* Build configuration list for PBXNativeTarget "BighiTrip" */;
			buildPhases = (
				100D6A6E54E5587A73EAD74E /* [CP] Check Pods Manifest.lock */,
				964744F821670F1D00512FFC /* Sources */,
				964744F921670F1D00512FFC /* Frameworks */,
				964744FA21670F1D00512FFC /* Resources */,
				3F756EEE185598C80C85D519 /* [CP] Embed Pods Frameworks */,
			);
			buildRules = (
			);
			dependencies = (
			);
			name = BighiTrip;
			productName = BighiTrip;
			productReference = 964744FC21670F1D00512FFC /* BighiTrip.app */;
			productType = "com.apple.product-type.application";
		};
/* End PBXNativeTarget section */

/* Begin PBXProject section */
		964744F421670F1D00512FFC /* Project object */ = {
			isa = PBXProject;
			attributes = {
				LastSwiftUpdateCheck = 1000;
				LastUpgradeCheck = 1000;
				ORGANIZATIONNAME = "Lucas Marques Bighi";
				TargetAttributes = {
					964744FB21670F1D00512FFC = {
						CreatedOnToolsVersion = 10.0;
					};
				};
			};
			buildConfigurationList = 964744F721670F1D00512FFC /* Build configuration list for PBXProject "BighiTrip" */;
			compatibilityVersion = "Xcode 9.3";
			developmentRegion = en;
			hasScannedForEncodings = 0;
			knownRegions = (
				en,
				Base,
			);
			mainGroup = 964744F321670F1D00512FFC;
			productRefGroup = 964744FD21670F1D00512FFC /* Products */;
			projectDirPath = "";
			projectRoot = "";
			targets = (
				964744FB21670F1D00512FFC /* BighiTrip */,
			);
		};
/* End PBXProject section */

/* Begin PBXResourcesBuildPhase section */
		964744FA21670F1D00512FFC /* Resources */ = {
			isa = PBXResourcesBuildPhase;
			buildActionMask = 2147483647;
			files = (
				9647450D21670F1F00512FFC /* LaunchScreen.storyboard in Resources */,
				96A6AF57216DC9770083D5F4 /* GoogleService-Info.plist in Resources */,
				9647450A21670F1F00512FFC /* Assets.xcassets in Resources */,
				9647450521670F1D00512FFC /* Main.storyboard in Resources */,
			);
			runOnlyForDeploymentPostprocessing = 0;
		};
/* End PBXResourcesBuildPhase section */

/* Begin PBXShellScriptBuildPhase section */
		100D6A6E54E5587A73EAD74E /* [CP] Check Pods Manifest.lock */ = {
			isa = PBXShellScriptBuildPhase;
			buildActionMask = 2147483647;
			files = (
			);
			inputFileListPaths = (
			);
			inputPaths = (
				"${PODS_PODFILE_DIR_PATH}/Podfile.lock",
				"${PODS_ROOT}/Manifest.lock",
			);
			name = "[CP] Check Pods Manifest.lock";
			outputFileListPaths = (
			);
			outputPaths = (
				"$(DERIVED_FILE_DIR)/Pods-BighiTrip-checkManifestLockResult.txt",
			);
			runOnlyForDeploymentPostprocessing = 0;
			shellPath = /bin/sh;
			shellScript = "diff \"${PODS_PODFILE_DIR_PATH}/Podfile.lock\" \"${PODS_ROOT}/Manifest.lock\" > /dev/null\nif [ $? != 0 ] ; then\n    # print error to STDERR\n    echo \"error: The sandbox is not in sync with the Podfile.lock. Run 'pod install' or update your CocoaPods installation.\" >&2\n    exit 1\nfi\n# This output is used by Xcode 'outputs' to avoid re-running this script phase.\necho \"SUCCESS\" > \"${SCRIPT_OUTPUT_FILE_0}\"\n";
			showEnvVarsInLog = 0;
		};
		3F756EEE185598C80C85D519 /* [CP] Embed Pods Frameworks */ = {
			isa = PBXShellScriptBuildPhase;
			buildActionMask = 2147483647;
			files = (
			);
			inputFileListPaths = (
			);
			inputPaths = (
				"${SRCROOT}/Pods/Target Support Files/Pods-BighiTrip/Pods-BighiTrip-frameworks.sh",
				"${BUILT_PRODUCTS_DIR}/GTMSessionFetcher/GTMSessionFetcher.framework",
				"${BUILT_PRODUCTS_DIR}/GoogleUtilities/GoogleUtilities.framework",
				"${BUILT_PRODUCTS_DIR}/leveldb-library/leveldb.framework",
				"${BUILT_PRODUCTS_DIR}/nanopb/nanopb.framework",
			);
			name = "[CP] Embed Pods Frameworks";
			outputFileListPaths = (
			);
			outputPaths = (
				"${TARGET_BUILD_DIR}/${FRAMEWORKS_FOLDER_PATH}/GTMSessionFetcher.framework",
				"${TARGET_BUILD_DIR}/${FRAMEWORKS_FOLDER_PATH}/GoogleUtilities.framework",
				"${TARGET_BUILD_DIR}/${FRAMEWORKS_FOLDER_PATH}/leveldb.framework",
				"${TARGET_BUILD_DIR}/${FRAMEWORKS_FOLDER_PATH}/nanopb.framework",
			);
			runOnlyForDeploymentPostprocessing = 0;
			shellPath = /bin/sh;
			shellScript = "\"${SRCROOT}/Pods/Target Support Files/Pods-BighiTrip/Pods-BighiTrip-frameworks.sh\"\n";
			showEnvVarsInLog = 0;
		};
/* End PBXShellScriptBuildPhase section */

/* Begin PBXSourcesBuildPhase section */
		964744F821670F1D00512FFC /* Sources */ = {
			isa = PBXSourcesBuildPhase;
			buildActionMask = 2147483647;
			files = (
				962117F1216EEBB70024C70F /* PerfilViewController.swift in Sources */,
				961098E52167312300264BE6 /* AppDelegate.swift in Sources */,
				9647450821670F1D00512FFC /* BighiTrip.xcdatamodeld in Sources */,
				9647450221670F1D00512FFC /* MainViewController.swift in Sources */,
				962117F3216F01A70024C70F /* TabBarViewController.swift in Sources */,
				96F66C0D216EDD6000D86E3F /* HomeViewController.swift in Sources */,
				961098E32167305300264BE6 /* CadastroViewController.swift in Sources */,
			);
			runOnlyForDeploymentPostprocessing = 0;
		};
/* End PBXSourcesBuildPhase section */

/* Begin PBXVariantGroup section */
		9647450321670F1D00512FFC /* Main.storyboard */ = {
			isa = PBXVariantGroup;
			children = (
				9647450421670F1D00512FFC /* Base */,
			);
			name = Main.storyboard;
			sourceTree = "<group>";
		};
		9647450B21670F1F00512FFC /* LaunchScreen.storyboard */ = {
			isa = PBXVariantGroup;
			children = (
				9647450C21670F1F00512FFC /* Base */,
			);
			name = LaunchScreen.storyboard;
			sourceTree = "<group>";
		};
/* End PBXVariantGroup section */

/* Begin XCBuildConfiguration section */
		9647450F21670F1F00512FFC /* Debug */ = {
			isa = XCBuildConfiguration;
			buildSettings = {
				ALWAYS_SEARCH_USER_PATHS = NO;
				CLANG_ANALYZER_NONNULL = YES;
				CLANG_ANALYZER_NUMBER_OBJECT_CONVERSION = YES_AGGRESSIVE;
				CLANG_CXX_LANGUAGE_STANDARD = "gnu++14";
				CLANG_CXX_LIBRARY = "libc++";
				CLANG_ENABLE_MODULES = YES;
				CLANG_ENABLE_OBJC_ARC = YES;
				CLANG_ENABLE_OBJC_WEAK = YES;
				CLANG_WARN_BLOCK_CAPTURE_AUTORELEASING = YES;
				CLANG_WARN_BOOL_CONVERSION = YES;
				CLANG_WARN_COMMA = YES;
				CLANG_WARN_CONSTANT_CONVERSION = YES;
				CLANG_WARN_DEPRECATED_OBJC_IMPLEMENTATIONS = YES;
				CLANG_WARN_DIRECT_OBJC_ISA_USAGE = YES_ERROR;
				CLANG_WARN_DOCUMENTATION_COMMENTS = YES;
				CLANG_WARN_EMPTY_BODY = YES;
				CLANG_WARN_ENUM_CONVERSION = YES;
				CLANG_WARN_INFINITE_RECURSION = YES;
				CLANG_WARN_INT_CONVERSION = YES;
				CLANG_WARN_NON_LITERAL_NULL_CONVERSION = YES;
				CLANG_WARN_OBJC_IMPLICIT_RETAIN_SELF = YES;
				CLANG_WARN_OBJC_LITERAL_CONVERSION = YES;
				CLANG_WARN_OBJC_ROOT_CLASS = YES_ERROR;
				CLANG_WARN_RANGE_LOOP_ANALYSIS = YES;
				CLANG_WARN_STRICT_PROTOTYPES = YES;
				CLANG_WARN_SUSPICIOUS_MOVE = YES;
				CLANG_WARN_UNGUARDED_AVAILABILITY = YES_AGGRESSIVE;
				CLANG_WARN_UNREACHABLE_CODE = YES;
				CLANG_WARN__DUPLICATE_METHOD_MATCH = YES;
				CODE_SIGN_IDENTITY = "iPhone Developer";
				COPY_PHASE_STRIP = NO;
				DEBUG_INFORMATION_FORMAT = dwarf;
				ENABLE_STRICT_OBJC_MSGSEND = YES;
				ENABLE_TESTABILITY = YES;
				GCC_C_LANGUAGE_STANDARD = gnu11;
				GCC_DYNAMIC_NO_PIC = NO;
				GCC_NO_COMMON_BLOCKS = YES;
				GCC_OPTIMIZATION_LEVEL = 0;
				GCC_PREPROCESSOR_DEFINITIONS = (
					"DEBUG=1",
					"$(inherited)",
				);
				GCC_WARN_64_TO_32_BIT_CONVERSION = YES;
				GCC_WARN_ABOUT_RETURN_TYPE = YES_ERROR;
				GCC_WARN_UNDECLARED_SELECTOR = YES;
				GCC_WARN_UNINITIALIZED_AUTOS = YES_AGGRESSIVE;
				GCC_WARN_UNUSED_FUNCTION = YES;
				GCC_WARN_UNUSED_VARIABLE = YES;
				IPHONEOS_DEPLOYMENT_TARGET = 12.0;
				MTL_ENABLE_DEBUG_INFO = INCLUDE_SOURCE;
				MTL_FAST_MATH = YES;
				ONLY_ACTIVE_ARCH = YES;
				SDKROOT = iphoneos;
				SWIFT_ACTIVE_COMPILATION_CONDITIONS = DEBUG;
				SWIFT_OPTIMIZATION_LEVEL = "-Onone";
			};
			name = Debug;
		};
		9647451021670F1F00512FFC /* Release */ = {
			isa = XCBuildConfiguration;
			buildSettings = {
				ALWAYS_SEARCH_USER_PATHS = NO;
				CLANG_ANALYZER_NONNULL = YES;
				CLANG_ANALYZER_NUMBER_OBJECT_CONVERSION = YES_AGGRESSIVE;
				CLANG_CXX_LANGUAGE_STANDARD = "gnu++14";
				CLANG_CXX_LIBRARY = "libc++";
				CLANG_ENABLE_MODULES = YES;
				CLANG_ENABLE_OBJC_ARC = YES;
				CLANG_ENABLE_OBJC_WEAK = YES;
				CLANG_WARN_BLOCK_CAPTURE_AUTORELEASING = YES;
				CLANG_WARN_BOOL_CONVERSION = YES;
				CLANG_WARN_COMMA = YES;
				CLANG_WARN_CONSTANT_CONVERSION = YES;
				CLANG_WARN_DEPRECATED_OBJC_IMPLEMENTATIONS = YES;
				CLANG_WARN_DIRECT_OBJC_ISA_USAGE = YES_ERROR;
				CLANG_WARN_DOCUMENTATION_COMMENTS = YES;
				CLANG_WARN_EMPTY_BODY = YES;
				CLANG_WARN_ENUM_CONVERSION = YES;
				CLANG_WARN_INFINITE_RECURSION = YES;
				CLANG_WARN_INT_CONVERSION = YES;
				CLANG_WARN_NON_LITERAL_NULL_CONVERSION = YES;
				CLANG_WARN_OBJC_IMPLICIT_RETAIN_SELF = YES;
				CLANG_WARN_OBJC_LITERAL_CONVERSION = YES;
				CLANG_WARN_OBJC_ROOT_CLASS = YES_ERROR;
				CLANG_WARN_RANGE_LOOP_ANALYSIS = YES;
				CLANG_WARN_STRICT_PROTOTYPES = YES;
				CLANG_WARN_SUSPICIOUS_MOVE = YES;
				CLANG_WARN_UNGUARDED_AVAILABILITY = YES_AGGRESSIVE;
				CLANG_WARN_UNREACHABLE_CODE = YES;
				CLANG_WARN__DUPLICATE_METHOD_MATCH = YES;
				CODE_SIGN_IDENTITY = "iPhone Developer";
				COPY_PHASE_STRIP = NO;
				DEBUG_INFORMATION_FORMAT = "dwarf-with-dsym";
				ENABLE_NS_ASSERTIONS = NO;
				ENABLE_STRICT_OBJC_MSGSEND = YES;
				GCC_C_LANGUAGE_STANDARD = gnu11;
				GCC_NO_COMMON_BLOCKS = YES;
				GCC_WARN_64_TO_32_BIT_CONVERSION = YES;
				GCC_WARN_ABOUT_RETURN_TYPE = YES_ERROR;
				GCC_WARN_UNDECLARED_SELECTOR = YES;
				GCC_WARN_UNINITIALIZED_AUTOS = YES_AGGRESSIVE;
				GCC_WARN_UNUSED_FUNCTION = YES;
				GCC_WARN_UNUSED_VARIABLE = YES;
				IPHONEOS_DEPLOYMENT_TARGET = 12.0;
				MTL_ENABLE_DEBUG_INFO = NO;
				MTL_FAST_MATH = YES;
				SDKROOT = iphoneos;
				SWIFT_COMPILATION_MODE = wholemodule;
				SWIFT_OPTIMIZATION_LEVEL = "-O";
				VALIDATE_PRODUCT = YES;
			};
			name = Release;
		};
		9647451221670F1F00512FFC /* Debug */ = {
			isa = XCBuildConfiguration;
			baseConfigurationReference = 8BE3AF61391DED5817CA4E6A /* Pods-BighiTrip.debug.xcconfig */;
			buildSettings = {
				ASSETCATALOG_COMPILER_APPICON_NAME = AppIcon;
				CODE_SIGN_STYLE = Automatic;
				DEVELOPMENT_TEAM = N63WMA8228;
				INFOPLIST_FILE = BighiTrip/Info.plist;
				LD_RUNPATH_SEARCH_PATHS = (
					"$(inherited)",
					"@executable_path/Frameworks",
				);
				PRODUCT_BUNDLE_IDENTIFIER = LucasBighi.BighiTrip;
				PRODUCT_NAME = "$(TARGET_NAME)";
				SWIFT_VERSION = 4.2;
				TARGETED_DEVICE_FAMILY = "1,2";
			};
			name = Debug;
		};
		9647451321670F1F00512FFC /* Release */ = {
			isa = XCBuildConfiguration;
			baseConfigurationReference = 1A8C654DA47C6861F5F705B7 /* Pods-BighiTrip.release.xcconfig */;
			buildSettings = {
				ASSETCATALOG_COMPILER_APPICON_NAME = AppIcon;
				CODE_SIGN_STYLE = Automatic;
				DEVELOPMENT_TEAM = N63WMA8228;
				INFOPLIST_FILE = BighiTrip/Info.plist;
				LD_RUNPATH_SEARCH_PATHS = (
					"$(inherited)",
					"@executable_path/Frameworks",
				);
				PRODUCT_BUNDLE_IDENTIFIER = LucasBighi.BighiTrip;
				PRODUCT_NAME = "$(TARGET_NAME)";
				SWIFT_VERSION = 4.2;
				TARGETED_DEVICE_FAMILY = "1,2";
			};
			name = Release;
		};
/* End XCBuildConfiguration section */

/* Begin XCConfigurationList section */
		964744F721670F1D00512FFC /* Build configuration list for PBXProject "BighiTrip" */ = {
			isa = XCConfigurationList;
			buildConfigurations = (
				9647450F21670F1F00512FFC /* Debug */,
				9647451021670F1F00512FFC /* Release */,
			);
			defaultConfigurationIsVisible = 0;
			defaultConfigurationName = Release;
		};
		9647451121670F1F00512FFC /* Build configuration list for PBXNativeTarget "BighiTrip" */ = {
			isa = XCConfigurationList;
			buildConfigurations = (
				9647451221670F1F00512FFC /* Debug */,
				9647451321670F1F00512FFC /* Release */,
			);
			defaultConfigurationIsVisible = 0;
			defaultConfigurationName = Release;
		};
/* End XCConfigurationList section */

/* Begin XCVersionGroup section */
		9647450621670F1D00512FFC /* BighiTrip.xcdatamodeld */ = {
			isa = XCVersionGroup;
			children = (
				9647450721670F1D00512FFC /* BighiTrip.xcdatamodel */,
			);
			currentVersion = 9647450721670F1D00512FFC /* BighiTrip.xcdatamodel */;
			path = BighiTrip.xcdatamodeld;
			sourceTree = "<group>";
			versionGroupType = wrapper.xcdatamodel;
		};
/* End XCVersionGroup section */
	};
	rootObject = 964744F421670F1D00512FFC /* Project object */;
}
